
Microsoft Visual Studio Solution File, Format Version 12.00
Project("{FAE04EC0-301F-11D3-BF4B-00C04F79EFBC}") = "structural-duplication-project", "structural-duplication-project\structural-duplication-project.csproj", "{5FDD113C-3A9A-4D79-B92B-487E17C7E943}"
EndProject
Global
	GlobalSection(SolutionConfigurationPlatforms) = preSolution
		Debug|Any CPU = Debug|Any CPU
		Release|Any CPU = Release|Any CPU
	EndGlobalSection
	GlobalSection(ProjectConfigurationPlatforms) = postSolution
		{5FDD113C-3A9A-4D79-B92B-487E17C7E943}.Debug|Any CPU.ActiveCfg = Debug|Any CPU
		{5FDD113C-3A9A-4D79-B92B-487E17C7E943}.Debug|Any CPU.Build.0 = Debug|Any CPU
		{5FDD113C-3A9A-4D79-B92B-487E17C7E943}.Release|Any CPU.ActiveCfg = Release|Any CPU
		{5FDD113C-3A9A-4D79-B92B-487E17C7E943}.Release|Any CPU.Build.0 = Release|Any CPU
	EndGlobalSection
EndGlobal
